
Microsoft Visual Studio Solution File, Format Version 12.00
# Visual Studio Version 17
VisualStudioVersion = 17.0.31912.275
MinimumVisualStudioVersion = 10.0.40219.1
Project("{FAE04EC0-301F-11D3-BF4B-00C04F79EFBC}") = "ImageOperations", "ImageOperations\ImageOperations.csproj", "{5696D8A4-ABAA-441A-8199-8EEAD7690C29}"
EndProject
Global
	GlobalSection(SolutionConfigurationPlatforms) = preSolution
		Debug|Any CPU = Debug|Any CPU
		Release|Any CPU = Release|Any CPU
	EndGlobalSection
	GlobalSection(ProjectConfigurationPlatforms) = postSolution
		{5696D8A4-ABAA-441A-8199-8EEAD7690C29}.Debug|Any CPU.ActiveCfg = Debug|Any CPU
		{5696D8A4-ABAA-441A-8199-8EEAD7690C29}.Debug|Any CPU.Build.0 = Debug|Any CPU
		{5696D8A4-ABAA-441A-8199-8EEAD7690C29}.Release|Any CPU.ActiveCfg = Release|Any CPU
		{5696D8A4-ABAA-441A-8199-8EEAD7690C29}.Release|Any CPU.Build.0 = Release|Any CPU
	EndGlobalSection
	GlobalSection(SolutionProperties) = preSolution
		HideSolutionNode = FALSE
	EndGlobalSection
	GlobalSection(ExtensibilityGlobals) = postSolution
		SolutionGuid = {3E6B6690-BDAE-4296-A85F-BF12E36C4B70}
	EndGlobalSection
EndGlobal
